// !$*UTF8*$!
{
	archiveVersion = 1;
	classes = {
	};
	objectVersion = 46;
	objects = {

/* Begin PBXBuildFile section */
		1D2A89801E8C4A6A0058ED21 /* TweetCell.swift in Sources */ = {isa = PBXBuildFile; fileRef = 1D2A897F1E8C4A6A0058ED21 /* TweetCell.swift */; };
		1D2A89821E8C513C0058ED21 /* Tweet.swift in Sources */ = {isa = PBXBuildFile; fileRef = 1D2A89811E8C513C0058ED21 /* Tweet.swift */; };
		1D90BE4B1E8B5844004433CA /* AppDelegate.swift in Sources */ = {isa = PBXBuildFile; fileRef = 1D90BE4A1E8B5844004433CA /* AppDelegate.swift */; };
		1D90BE521E8B5844004433CA /* Assets.xcassets in Resources */ = {isa = PBXBuildFile; fileRef = 1D90BE511E8B5844004433CA /* Assets.xcassets */; };
		1D90BE551E8B5844004433CA /* LaunchScreen.storyboard in Resources */ = {isa = PBXBuildFile; fileRef = 1D90BE531E8B5844004433CA /* LaunchScreen.storyboard */; };
		1D90BE5D1E8B5A33004433CA /* HomeController.swift in Sources */ = {isa = PBXBuildFile; fileRef = 1D90BE5C1E8B5A33004433CA /* HomeController.swift */; };
		1D90BE721E8B7ACB004433CA /* HomeDataSourceController.swift in Sources */ = {isa = PBXBuildFile; fileRef = 1D90BE711E8B7ACB004433CA /* HomeDataSourceController.swift */; };
		1D90BE771E8B807B004433CA /* UserHeaderFooter.swift in Sources */ = {isa = PBXBuildFile; fileRef = 1D90BE761E8B807B004433CA /* UserHeaderFooter.swift */; };
		1D90BE791E8B80F0004433CA /* HomeDataSource.swift in Sources */ = {isa = PBXBuildFile; fileRef = 1D90BE781E8B80F0004433CA /* HomeDataSource.swift */; };
		1D90BE7B1E8C0974004433CA /* User.swift in Sources */ = {isa = PBXBuildFile; fileRef = 1D90BE7A1E8C0973004433CA /* User.swift */; };
		1D90BE7F1E8C1081004433CA /* UserCell.swift in Sources */ = {isa = PBXBuildFile; fileRef = 1D90BE7E1E8C1081004433CA /* UserCell.swift */; };
		1D90BE811E8C208D004433CA /* NavBarExtension.swift in Sources */ = {isa = PBXBuildFile; fileRef = 1D90BE801E8C208D004433CA /* NavBarExtension.swift */; };
		C716CB1C084176CE0BA0F81C /* Pods_Twitter.framework in Frameworks */ = {isa = PBXBuildFile; fileRef = 82DCCD5D8706E2F05139F7C7 /* Pods_Twitter.framework */; };
/* End PBXBuildFile section */

/* Begin PBXFileReference section */
		0B8E7C25185C0ECFA93CBABD /* Pods-Twitter.debug.xcconfig */ = {isa = PBXFileReference; includeInIndex = 1; lastKnownFileType = text.xcconfig; name = "Pods-Twitter.debug.xcconfig"; path = "Pods/Target Support Files/Pods-Twitter/Pods-Twitter.debug.xcconfig"; sourceTree = "<group>"; };
		1D2A897F1E8C4A6A0058ED21 /* TweetCell.swift */ = {isa = PBXFileReference; fileEncoding = 4; lastKnownFileType = sourcecode.swift; path = TweetCell.swift; sourceTree = "<group>"; };
		1D2A89811E8C513C0058ED21 /* Tweet.swift */ = {isa = PBXFileReference; fileEncoding = 4; lastKnownFileType = sourcecode.swift; path = Tweet.swift; sourceTree = "<group>"; };
		1D90BE471E8B5844004433CA /* Twitter.app */ = {isa = PBXFileReference; explicitFileType = wrapper.application; includeInIndex = 0; path = Twitter.app; sourceTree = BUILT_PRODUCTS_DIR; };
		1D90BE4A1E8B5844004433CA /* AppDelegate.swift */ = {isa = PBXFileReference; lastKnownFileType = sourcecode.swift; path = AppDelegate.swift; sourceTree = "<group>"; };
		1D90BE511E8B5844004433CA /* Assets.xcassets */ = {isa = PBXFileReference; lastKnownFileType = folder.assetcatalog; path = Assets.xcassets; sourceTree = "<group>"; };
		1D90BE541E8B5844004433CA /* Base */ = {isa = PBXFileReference; lastKnownFileType = file.storyboard; name = Base; path = Base.lproj/LaunchScreen.storyboard; sourceTree = "<group>"; };
		1D90BE561E8B5844004433CA /* Info.plist */ = {isa = PBXFileReference; lastKnownFileType = text.plist.xml; path = Info.plist; sourceTree = "<group>"; };
		1D90BE5C1E8B5A33004433CA /* HomeController.swift */ = {isa = PBXFileReference; fileEncoding = 4; lastKnownFileType = sourcecode.swift; path = HomeController.swift; sourceTree = "<group>"; };
		1D90BE711E8B7ACB004433CA /* HomeDataSourceController.swift */ = {isa = PBXFileReference; fileEncoding = 4; lastKnownFileType = sourcecode.swift; path = HomeDataSourceController.swift; sourceTree = "<group>"; };
		1D90BE761E8B807B004433CA /* UserHeaderFooter.swift */ = {isa = PBXFileReference; fileEncoding = 4; lastKnownFileType = sourcecode.swift; path = UserHeaderFooter.swift; sourceTree = "<group>"; };
		1D90BE781E8B80F0004433CA /* HomeDataSource.swift */ = {isa = PBXFileReference; fileEncoding = 4; lastKnownFileType = sourcecode.swift; path = HomeDataSource.swift; sourceTree = "<group>"; };
		1D90BE7A1E8C0973004433CA /* User.swift */ = {isa = PBXFileReference; fileEncoding = 4; lastKnownFileType = sourcecode.swift; path = User.swift; sourceTree = "<group>"; };
		1D90BE7E1E8C1081004433CA /* UserCell.swift */ = {isa = PBXFileReference; fileEncoding = 4; lastKnownFileType = sourcecode.swift; path = UserCell.swift; sourceTree = "<group>"; };
		1D90BE801E8C208D004433CA /* NavBarExtension.swift */ = {isa = PBXFileReference; fileEncoding = 4; lastKnownFileType = sourcecode.swift; path = NavBarExtension.swift; sourceTree = "<group>"; };
		82DCCD5D8706E2F05139F7C7 /* Pods_Twitter.framework */ = {isa = PBXFileReference; explicitFileType = wrapper.framework; includeInIndex = 0; path = Pods_Twitter.framework; sourceTree = BUILT_PRODUCTS_DIR; };
		E87AEA43EA68875ED05080FC /* Pods-Twitter.release.xcconfig */ = {isa = PBXFileReference; includeInIndex = 1; lastKnownFileType = text.xcconfig; name = "Pods-Twitter.release.xcconfig"; path = "Pods/Target Support Files/Pods-Twitter/Pods-Twitter.release.xcconfig"; sourceTree = "<group>"; };
/* End PBXFileReference section */

/* Begin PBXFrameworksBuildPhase section */
		1D90BE441E8B5844004433CA /* Frameworks */ = {
			isa = PBXFrameworksBuildPhase;
			buildActionMask = 2147483647;
			files = (
				C716CB1C084176CE0BA0F81C /* Pods_Twitter.framework in Frameworks */,
			);
			runOnlyForDeploymentPostprocessing = 0;
		};
/* End PBXFrameworksBuildPhase section */

/* Begin PBXGroup section */
		1D90BE3E1E8B5844004433CA = {
			isa = PBXGroup;
			children = (
				1D90BE491E8B5844004433CA /* Twitter */,
				1D90BE481E8B5844004433CA /* Products */,
				9184DF21801361E2BF1C0643 /* Pods */,
				CB3D86996B3B806BEC984B4A /* Frameworks */,
			);
			sourceTree = "<group>";
		};
		1D90BE481E8B5844004433CA /* Products */ = {
			isa = PBXGroup;
			children = (
				1D90BE471E8B5844004433CA /* Twitter.app */,
			);
			name = Products;
			sourceTree = "<group>";
		};
		1D90BE491E8B5844004433CA /* Twitter */ = {
			isa = PBXGroup;
			children = (
				1D90BE741E8B803D004433CA /* Model */,
				1D90BE751E8B8042004433CA /* View */,
				1D90BE731E8B8032004433CA /* Controller */,
				1D90BE511E8B5844004433CA /* Assets.xcassets */,
				1D90BE4A1E8B5844004433CA /* AppDelegate.swift */,
				1D90BE5C1E8B5A33004433CA /* HomeController.swift */,
				1D90BE531E8B5844004433CA /* LaunchScreen.storyboard */,
				1D90BE561E8B5844004433CA /* Info.plist */,
			);
			path = Twitter;
			sourceTree = "<group>";
		};
		1D90BE731E8B8032004433CA /* Controller */ = {
			isa = PBXGroup;
			children = (
				1D90BE711E8B7ACB004433CA /* HomeDataSourceController.swift */,
				1D90BE801E8C208D004433CA /* NavBarExtension.swift */,
			);
			name = Controller;
			sourceTree = "<group>";
		};
		1D90BE741E8B803D004433CA /* Model */ = {
			isa = PBXGroup;
			children = (
				1D90BE781E8B80F0004433CA /* HomeDataSource.swift */,
				1D90BE7A1E8C0973004433CA /* User.swift */,
				1D2A89811E8C513C0058ED21 /* Tweet.swift */,
			);
			name = Model;
			sourceTree = "<group>";
		};
		1D90BE751E8B8042004433CA /* View */ = {
			isa = PBXGroup;
			children = (
				1D90BE761E8B807B004433CA /* UserHeaderFooter.swift */,
				1D90BE7E1E8C1081004433CA /* UserCell.swift */,
				1D2A897F1E8C4A6A0058ED21 /* TweetCell.swift */,
			);
			name = View;
			sourceTree = "<group>";
		};
		9184DF21801361E2BF1C0643 /* Pods */ = {
			isa = PBXGroup;
			children = (
				0B8E7C25185C0ECFA93CBABD /* Pods-Twitter.debug.xcconfig */,
				E87AEA43EA68875ED05080FC /* Pods-Twitter.release.xcconfig */,
			);
			name = Pods;
			sourceTree = "<group>";
		};
		CB3D86996B3B806BEC984B4A /* Frameworks */ = {
			isa = PBXGroup;
			children = (
				82DCCD5D8706E2F05139F7C7 /* Pods_Twitter.framework */,
			);
			name = Frameworks;
			sourceTree = "<group>";
		};
/* End PBXGroup section */

/* Begin PBXNativeTarget section */
		1D90BE461E8B5844004433CA /* Twitter */ = {
			isa = PBXNativeTarget;
			buildConfigurationList = 1D90BE591E8B5844004433CA /* Build configuration list for PBXNativeTarget "Twitter" */;
			buildPhases = (
				5685F8FED835567E8628E420 /* [CP] Check Pods Manifest.lock */,
				1D90BE431E8B5844004433CA /* Sources */,
				1D90BE441E8B5844004433CA /* Frameworks */,
				1D90BE451E8B5844004433CA /* Resources */,
				60B50FC17DC6B8906CF65D11 /* [CP] Embed Pods Frameworks */,
				9455C35E8E0E0B3B46FFDAF9 /* [CP] Copy Pods Resources */,
			);
			buildRules = (
			);
			dependencies = (
			);
			name = Twitter;
			productName = Twitter;
			productReference = 1D90BE471E8B5844004433CA /* Twitter.app */;
			productType = "com.apple.product-type.application";
		};
/* End PBXNativeTarget section */

/* Begin PBXProject section */
		1D90BE3F1E8B5844004433CA /* Project object */ = {
			isa = PBXProject;
			attributes = {
				LastSwiftUpdateCheck = 0820;
				LastUpgradeCheck = 0820;
				ORGANIZATIONNAME = "Parankush Bhardwaj";
				TargetAttributes = {
					1D90BE461E8B5844004433CA = {
						CreatedOnToolsVersion = 8.2.1;
						DevelopmentTeam = K7PJHE383W;
						ProvisioningStyle = Automatic;
					};
				};
			};
			buildConfigurationList = 1D90BE421E8B5844004433CA /* Build configuration list for PBXProject "Twitter" */;
			compatibilityVersion = "Xcode 3.2";
			developmentRegion = English;
			hasScannedForEncodings = 0;
			knownRegions = (
				en,
				Base,
			);
			mainGroup = 1D90BE3E1E8B5844004433CA;
			productRefGroup = 1D90BE481E8B5844004433CA /* Products */;
			projectDirPath = "";
			projectRoot = "";
			targets = (
				1D90BE461E8B5844004433CA /* Twitter */,
			);
		};
/* End PBXProject section */

/* Begin PBXResourcesBuildPhase section */
		1D90BE451E8B5844004433CA /* Resources */ = {
			isa = PBXResourcesBuildPhase;
			buildActionMask = 2147483647;
			files = (
				1D90BE551E8B5844004433CA /* LaunchScreen.storyboard in Resources */,
				1D90BE521E8B5844004433CA /* Assets.xcassets in Resources */,
			);
			runOnlyForDeploymentPostprocessing = 0;
		};
/* End PBXResourcesBuildPhase section */

/* Begin PBXShellScriptBuildPhase section */
		5685F8FED835567E8628E420 /* [CP] Check Pods Manifest.lock */ = {
			isa = PBXShellScriptBuildPhase;
			buildActionMask = 2147483647;
			files = (
			);
			inputPaths = (
			);
			name = "[CP] Check Pods Manifest.lock";
			outputPaths = (
			);
			runOnlyForDeploymentPostprocessing = 0;
			shellPath = /bin/sh;
			shellScript = "diff \"${PODS_ROOT}/../Podfile.lock\" \"${PODS_ROOT}/Manifest.lock\" > /dev/null\nif [ $? != 0 ] ; then\n    # print error to STDERR\n    echo \"error: The sandbox is not in sync with the Podfile.lock. Run 'pod install' or update your CocoaPods installation.\" >&2\n    exit 1\nfi\n";
			showEnvVarsInLog = 0;
		};
		60B50FC17DC6B8906CF65D11 /* [CP] Embed Pods Frameworks */ = {
			isa = PBXShellScriptBuildPhase;
			buildActionMask = 2147483647;
			files = (
			);
			inputPaths = (
			);
			name = "[CP] Embed Pods Frameworks";
			outputPaths = (
			);
			runOnlyForDeploymentPostprocessing = 0;
			shellPath = /bin/sh;
			shellScript = "\"${SRCROOT}/Pods/Target Support Files/Pods-Twitter/Pods-Twitter-frameworks.sh\"\n";
			showEnvVarsInLog = 0;
		};
		9455C35E8E0E0B3B46FFDAF9 /* [CP] Copy Pods Resources */ = {
			isa = PBXShellScriptBuildPhase;
			buildActionMask = 2147483647;
			files = (
			);
			inputPaths = (
			);
			name = "[CP] Copy Pods Resources";
			outputPaths = (
			);
			runOnlyForDeploymentPostprocessing = 0;
			shellPath = /bin/sh;
			shellScript = "\"${SRCROOT}/Pods/Target Support Files/Pods-Twitter/Pods-Twitter-resources.sh\"\n";
			showEnvVarsInLog = 0;
		};
/* End PBXShellScriptBuildPhase section */

/* Begin PBXSourcesBuildPhase section */
		1D90BE431E8B5844004433CA /* Sources */ = {
			isa = PBXSourcesBuildPhase;
			buildActionMask = 2147483647;
			files = (
				1D90BE791E8B80F0004433CA /* HomeDataSource.swift in Sources */,
				1D2A89821E8C513C0058ED21 /* Tweet.swift in Sources */,
				1D90BE721E8B7ACB004433CA /* HomeDataSourceController.swift in Sources */,
				1D90BE7B1E8C0974004433CA /* User.swift in Sources */,
				1D90BE771E8B807B004433CA /* UserHeaderFooter.swift in Sources */,
				1D90BE4B1E8B5844004433CA /* AppDelegate.swift in Sources */,
				1D90BE5D1E8B5A33004433CA /* HomeController.swift in Sources */,
				1D2A89801E8C4A6A0058ED21 /* TweetCell.swift in Sources */,
				1D90BE7F1E8C1081004433CA /* UserCell.swift in Sources */,
				1D90BE811E8C208D004433CA /* NavBarExtension.swift in Sources */,
			);
			runOnlyForDeploymentPostprocessing = 0;
		};
/* End PBXSourcesBuildPhase section */

/* Begin PBXVariantGroup section */
		1D90BE531E8B5844004433CA /* LaunchScreen.storyboard */ = {
			isa = PBXVariantGroup;
			children = (
				1D90BE541E8B5844004433CA /* Base */,
			);
			name = LaunchScreen.storyboard;
			sourceTree = "<group>";
		};
/* End PBXVariantGroup section */

/* Begin XCBuildConfiguration section */
		1D90BE571E8B5844004433CA /* Debug */ = {
			isa = XCBuildConfiguration;
			buildSettings = {
				ALWAYS_SEARCH_USER_PATHS = NO;
				CLANG_ANALYZER_NONNULL = YES;
				CLANG_CXX_LANGUAGE_STANDARD = "gnu++0x";
				CLANG_CXX_LIBRARY = "libc++";
				CLANG_ENABLE_MODULES = YES;
				CLANG_ENABLE_OBJC_ARC = YES;
				CLANG_WARN_BOOL_CONVERSION = YES;
				CLANG_WARN_CONSTANT_CONVERSION = YES;
				CLANG_WARN_DIRECT_OBJC_ISA_USAGE = YES_ERROR;
				CLANG_WARN_DOCUMENTATION_COMMENTS = YES;
				CLANG_WARN_EMPTY_BODY = YES;
				CLANG_WARN_ENUM_CONVERSION = YES;
				CLANG_WARN_INFINITE_RECURSION = YES;
				CLANG_WARN_INT_CONVERSION = YES;
				CLANG_WARN_OBJC_ROOT_CLASS = YES_ERROR;
				CLANG_WARN_SUSPICIOUS_MOVE = YES;
				CLANG_WARN_UNREACHABLE_CODE = YES;
				CLANG_WARN__DUPLICATE_METHOD_MATCH = YES;
				"CODE_SIGN_IDENTITY[sdk=iphoneos*]" = "iPhone Developer";
				COPY_PHASE_STRIP = NO;
				DEBUG_INFORMATION_FORMAT = dwarf;
				ENABLE_STRICT_OBJC_MSGSEND = YES;
				ENABLE_TESTABILITY = YES;
				GCC_C_LANGUAGE_STANDARD = gnu99;
				GCC_DYNAMIC_NO_PIC = NO;
				GCC_NO_COMMON_BLOCKS = YES;
				GCC_OPTIMIZATION_LEVEL = 0;
				GCC_PREPROCESSOR_DEFINITIONS = (
					"DEBUG=1",
					"$(inherited)",
				);
				GCC_WARN_64_TO_32_BIT_CONVERSION = YES;
				GCC_WARN_ABOUT_RETURN_TYPE = YES_ERROR;
				GCC_WARN_UNDECLARED_SELECTOR = YES;
				GCC_WARN_UNINITIALIZED_AUTOS = YES_AGGRESSIVE;
				GCC_WARN_UNUSED_FUNCTION = YES;
				GCC_WARN_UNUSED_VARIABLE = YES;
				IPHONEOS_DEPLOYMENT_TARGET = 10.2;
				MTL_ENABLE_DEBUG_INFO = YES;
				ONLY_ACTIVE_ARCH = YES;
				SDKROOT = iphoneos;
				SWIFT_ACTIVE_COMPILATION_CONDITIONS = DEBUG;
				SWIFT_OPTIMIZATION_LEVEL = "-Onone";
			};
			name = Debug;
		};
		1D90BE581E8B5844004433CA /* Release */ = {
			isa = XCBuildConfiguration;
			buildSettings = {
				ALWAYS_SEARCH_USER_PATHS = NO;
				CLANG_ANALYZER_NONNULL = YES;
				CLANG_CXX_LANGUAGE_STANDARD = "gnu++0x";
				CLANG_CXX_LIBRARY = "libc++";
				CLANG_ENABLE_MODULES = YES;
				CLANG_ENABLE_OBJC_ARC = YES;
				CLANG_WARN_BOOL_CONVERSION = YES;
				CLANG_WARN_CONSTANT_CONVERSION = YES;
				CLANG_WARN_DIRECT_OBJC_ISA_USAGE = YES_ERROR;
				CLANG_WARN_DOCUMENTATION_COMMENTS = YES;
				CLANG_WARN_EMPTY_BODY = YES;
				CLANG_WARN_ENUM_CONVERSION = YES;
				CLANG_WARN_INFINITE_RECURSION = YES;
				CLANG_WARN_INT_CONVERSION = YES;
				CLANG_WARN_OBJC_ROOT_CLASS = YES_ERROR;
				CLANG_WARN_SUSPICIOUS_MOVE = YES;
				CLANG_WARN_UNREACHABLE_CODE = YES;
				CLANG_WARN__DUPLICATE_METHOD_MATCH = YES;
				"CODE_SIGN_IDENTITY[sdk=iphoneos*]" = "iPhone Developer";
				COPY_PHASE_STRIP = NO;
				DEBUG_INFORMATION_FORMAT = "dwarf-with-dsym";
				ENABLE_NS_ASSERTIONS = NO;
				ENABLE_STRICT_OBJC_MSGSEND = YES;
				GCC_C_LANGUAGE_STANDARD = gnu99;
				GCC_NO_COMMON_BLOCKS = YES;
				GCC_WARN_64_TO_32_BIT_CONVERSION = YES;
				GCC_WARN_ABOUT_RETURN_TYPE = YES_ERROR;
				GCC_WARN_UNDECLARED_SELECTOR = YES;
				GCC_WARN_UNINITIALIZED_AUTOS = YES_AGGRESSIVE;
				GCC_WARN_UNUSED_FUNCTION = YES;
				GCC_WARN_UNUSED_VARIABLE = YES;
				IPHONEOS_DEPLOYMENT_TARGET = 10.2;
				MTL_ENABLE_DEBUG_INFO = NO;
				SDKROOT = iphoneos;
				SWIFT_OPTIMIZATION_LEVEL = "-Owholemodule";
				VALIDATE_PRODUCT = YES;
			};
			name = Release;
		};
		1D90BE5A1E8B5844004433CA /* Debug */ = {
			isa = XCBuildConfiguration;
			baseConfigurationReference = 0B8E7C25185C0ECFA93CBABD /* Pods-Twitter.debug.xcconfig */;
			buildSettings = {
				ASSETCATALOG_COMPILER_APPICON_NAME = AppIcon;
				DEVELOPMENT_TEAM = K7PJHE383W;
				INFOPLIST_FILE = Twitter/Info.plist;
				LD_RUNPATH_SEARCH_PATHS = "$(inherited) @executable_path/Frameworks";
				PRODUCT_BUNDLE_IDENTIFIER = HumblyHuman.Twitter;
				PRODUCT_NAME = "$(TARGET_NAME)";
				SWIFT_VERSION = 3.0;
			};
			name = Debug;
		};
		1D90BE5B1E8B5844004433CA /* Release */ = {
			isa = XCBuildConfiguration;
			baseConfigurationReference = E87AEA43EA68875ED05080FC /* Pods-Twitter.release.xcconfig */;
			buildSettings = {
				ASSETCATALOG_COMPILER_APPICON_NAME = AppIcon;
				DEVELOPMENT_TEAM = K7PJHE383W;
				INFOPLIST_FILE = Twitter/Info.plist;
				LD_RUNPATH_SEARCH_PATHS = "$(inherited) @executable_path/Frameworks";
				PRODUCT_BUNDLE_IDENTIFIER = HumblyHuman.Twitter;
				PRODUCT_NAME = "$(TARGET_NAME)";
				SWIFT_VERSION = 3.0;
			};
			name = Release;
		};
/* End XCBuildConfiguration section */

/* Begin XCConfigurationList section */
		1D90BE421E8B5844004433CA /* Build configuration list for PBXProject "Twitter" */ = {
			isa = XCConfigurationList;
			buildConfigurations = (
				1D90BE571E8B5844004433CA /* Debug */,
				1D90BE581E8B5844004433CA /* Release */,
			);
			defaultConfigurationIsVisible = 0;
			defaultConfigurationName = Release;
		};
		1D90BE591E8B5844004433CA /* Build configuration list for PBXNativeTarget "Twitter" */ = {
			isa = XCConfigurationList;
			buildConfigurations = (
				1D90BE5A1E8B5844004433CA /* Debug */,
				1D90BE5B1E8B5844004433CA /* Release */,
			);
			defaultConfigurationIsVisible = 0;
			defaultConfigurationName = Release;
		};
/* End XCConfigurationList section */
	};
	rootObject = 1D90BE3F1E8B5844004433CA /* Project object */;
}
